
Microsoft Visual Studio Solution File, Format Version 12.00
# Visual Studio Version 17
VisualStudioVersion = 17.0.32112.339
MinimumVisualStudioVersion = 10.0.40219.1
Project("{FAE04EC0-301F-11D3-BF4B-00C04F79EFBC}") = "generaterundomnambers", "generaterundomnambers.csproj", "{DDA82C5A-AEC8-411B-96D4-C33977FB0AE8}"
EndProject
Project("{FAE04EC0-301F-11D3-BF4B-00C04F79EFBC}") = "seed", "..\seed\seed.csproj", "{CA44A52D-6A90-4474-B6DE-14581B478C2D}"
EndProject
Global
	GlobalSection(SolutionConfigurationPlatforms) = preSolution
		Debug|Any CPU = Debug|Any CPU
		Release|Any CPU = Release|Any CPU
	EndGlobalSection
	GlobalSection(ProjectConfigurationPlatforms) = postSolution
		{DDA82C5A-AEC8-411B-96D4-C33977FB0AE8}.Debug|Any CPU.ActiveCfg = Debug|Any CPU
		{DDA82C5A-AEC8-411B-96D4-C33977FB0AE8}.Debug|Any CPU.Build.0 = Debug|Any CPU
		{DDA82C5A-AEC8-411B-96D4-C33977FB0AE8}.Release|Any CPU.ActiveCfg = Release|Any CPU
		{DDA82C5A-AEC8-411B-96D4-C33977FB0AE8}.Release|Any CPU.Build.0 = Release|Any CPU
		{CA44A52D-6A90-4474-B6DE-14581B478C2D}.Debug|Any CPU.ActiveCfg = Debug|Any CPU
		{CA44A52D-6A90-4474-B6DE-14581B478C2D}.Debug|Any CPU.Build.0 = Debug|Any CPU
		{CA44A52D-6A90-4474-B6DE-14581B478C2D}.Release|Any CPU.ActiveCfg = Release|Any CPU
		{CA44A52D-6A90-4474-B6DE-14581B478C2D}.Release|Any CPU.Build.0 = Release|Any CPU
	EndGlobalSection
	GlobalSection(SolutionProperties) = preSolution
		HideSolutionNode = FALSE
	EndGlobalSection
	GlobalSection(ExtensibilityGlobals) = postSolution
		SolutionGuid = {4806CF5F-B64B-43F2-9B2C-029B00055754}
	EndGlobalSection
EndGlobal
